
Microsoft Visual Studio Solution File, Format Version 12.00
# Visual Studio Version 16
VisualStudioVersion = 16.0.31205.134
MinimumVisualStudioVersion = 10.0.40219.1
Project("{FAE04EC0-301F-11D3-BF4B-00C04F79EFBC}") = "Лаб5", "Лаб5.csproj", "{79D906B7-A98F-43C6-969A-AED47AAD68D8}"
EndProject
Global
	GlobalSection(SolutionConfigurationPlatforms) = preSolution
		Debug|Any CPU = Debug|Any CPU
		Release|Any CPU = Release|Any CPU
	EndGlobalSection
	GlobalSection(ProjectConfigurationPlatforms) = postSolution
		{79D906B7-A98F-43C6-969A-AED47AAD68D8}.Debug|Any CPU.ActiveCfg = Debug|Any CPU
		{79D906B7-A98F-43C6-969A-AED47AAD68D8}.Debug|Any CPU.Build.0 = Debug|Any CPU
		{79D906B7-A98F-43C6-969A-AED47AAD68D8}.Release|Any CPU.ActiveCfg = Release|Any CPU
		{79D906B7-A98F-43C6-969A-AED47AAD68D8}.Release|Any CPU.Build.0 = Release|Any CPU
	EndGlobalSection
	GlobalSection(SolutionProperties) = preSolution
		HideSolutionNode = FALSE
	EndGlobalSection
	GlobalSection(ExtensibilityGlobals) = postSolution
		SolutionGuid = {8738BC6B-BBD9-46C5-98E0-B278DFEE3C51}
	EndGlobalSection
EndGlobal
